{
  "name": "gitix",
  "version": "1.0.0",
  "lockfileVersion": 2,
  "requires": true,
  "packages": {
    "": {
      "name": "gitix",
      "version": "1.0.0",
      "license": "ISC",
      "dependencies": {
        "kamiloid_cli_node": "^1.0.0"
      }
    },
    "node_modules/kamiloid_cli_node": {
      "version": "1.0.1",
      "resolved": "https://registry.npmjs.org/kamiloid_cli_node/-/kamiloid_cli_node-1.0.1.tgz",
      "integrity": "sha512-3/tzPQ41q3opq/0aZcLv8x71jXtmb4p2IqrMC+rnQoTEg2n968+up9Vz+vb3TqAQrfhX1/E0w9Es6cIZBbp5aw=="
    }
  },
  "dependencies": {
    "kamiloid_cli_node": {
      "version": "1.0.1",
      "resolved": "https://registry.npmjs.org/kamiloid_cli_node/-/kamiloid_cli_node-1.0.1.tgz",
      "integrity": "sha512-3/tzPQ41q3opq/0aZcLv8x71jXtmb4p2IqrMC+rnQoTEg2n968+up9Vz+vb3TqAQrfhX1/E0w9Es6cIZBbp5aw=="
    }
  }
}
