{
  "name": "gitix",
  "version": "1.0.25",
  "lockfileVersion": 2,
  "requires": true,
  "packages": {
    "": {
      "name": "gitix",
      "version": "1.0.25",
      "license": "ISC",
      "dependencies": {
        "kamiloid_cli_node": "^0.0.5"
      },
      "bin": {
        "gitix": "bin/gitix"
      }
    },
    "node_modules/kamiloid_cli_node": {
      "version": "0.0.5",
      "resolved": "https://registry.npmjs.org/kamiloid_cli_node/-/kamiloid_cli_node-0.0.5.tgz",
      "integrity": "sha512-5mmNHe1zMHY7pICpzJrPoCIRmswqbZ1KYms8i2DFp7i2q4VbU1m7R53Hr1OJMusE1vp7mBSGaGb61MQGWtTVBA=="
    }
  },
  "dependencies": {
    "kamiloid_cli_node": {
      "version": "0.0.5",
      "resolved": "https://registry.npmjs.org/kamiloid_cli_node/-/kamiloid_cli_node-0.0.5.tgz",
      "integrity": "sha512-5mmNHe1zMHY7pICpzJrPoCIRmswqbZ1KYms8i2DFp7i2q4VbU1m7R53Hr1OJMusE1vp7mBSGaGb61MQGWtTVBA=="
    }
  }
}
